
Microsoft Visual Studio Solution File, Format Version 12.00
# Visual Studio Version 17
VisualStudioVersion = 17.9.34622.214
MinimumVisualStudioVersion = 10.0.40219.1
Project("{2150E333-8FDC-42A3-9474-1A3956D46DE8}") = "Src", "Src", "{7402FB7F-5651-4FC8-A973-38FD1ACB4CBC}"
EndProject
Project("{FAE04EC0-301F-11D3-BF4B-00C04F79EFBC}") = "RHA.CleanArchitecture.Domain", "RHA.CleanArchitecture.Domain\RHA.CleanArchitecture.Domain.csproj", "{8DAD8E61-32E1-4F96-985F-0BE494283AE5}"
EndProject
Project("{FAE04EC0-301F-11D3-BF4B-00C04F79EFBC}") = "RHA.CleanArchitecture.Infrastructure", "RHA.CleanArchitecture.Infrastructure\RHA.CleanArchitecture.Infrastructure.csproj", "{B76EEB7F-365B-433B-AAE5-5EEAA53F5BF9}"
EndProject
Project("{FAE04EC0-301F-11D3-BF4B-00C04F79EFBC}") = "RHA.CleanArchitecture.Application", "RHA.CleanArchitecture.Application\RHA.CleanArchitecture.Application.csproj", "{F72C3C9D-FC2D-4B9D-A8CC-16E239A8492D}"
EndProject
Global
	GlobalSection(SolutionConfigurationPlatforms) = preSolution
		Debug|Any CPU = Debug|Any CPU
		Release|Any CPU = Release|Any CPU
	EndGlobalSection
	GlobalSection(ProjectConfigurationPlatforms) = postSolution
		{8DAD8E61-32E1-4F96-985F-0BE494283AE5}.Debug|Any CPU.ActiveCfg = Debug|Any CPU
		{8DAD8E61-32E1-4F96-985F-0BE494283AE5}.Debug|Any CPU.Build.0 = Debug|Any CPU
		{8DAD8E61-32E1-4F96-985F-0BE494283AE5}.Release|Any CPU.ActiveCfg = Release|Any CPU
		{8DAD8E61-32E1-4F96-985F-0BE494283AE5}.Release|Any CPU.Build.0 = Release|Any CPU
		{B76EEB7F-365B-433B-AAE5-5EEAA53F5BF9}.Debug|Any CPU.ActiveCfg = Debug|Any CPU
		{B76EEB7F-365B-433B-AAE5-5EEAA53F5BF9}.Debug|Any CPU.Build.0 = Debug|Any CPU
		{B76EEB7F-365B-433B-AAE5-5EEAA53F5BF9}.Release|Any CPU.ActiveCfg = Release|Any CPU
		{B76EEB7F-365B-433B-AAE5-5EEAA53F5BF9}.Release|Any CPU.Build.0 = Release|Any CPU
		{F72C3C9D-FC2D-4B9D-A8CC-16E239A8492D}.Debug|Any CPU.ActiveCfg = Debug|Any CPU
		{F72C3C9D-FC2D-4B9D-A8CC-16E239A8492D}.Debug|Any CPU.Build.0 = Debug|Any CPU
		{F72C3C9D-FC2D-4B9D-A8CC-16E239A8492D}.Release|Any CPU.ActiveCfg = Release|Any CPU
		{F72C3C9D-FC2D-4B9D-A8CC-16E239A8492D}.Release|Any CPU.Build.0 = Release|Any CPU
	EndGlobalSection
	GlobalSection(SolutionProperties) = preSolution
		HideSolutionNode = FALSE
	EndGlobalSection
	GlobalSection(NestedProjects) = preSolution
		{8DAD8E61-32E1-4F96-985F-0BE494283AE5} = {7402FB7F-5651-4FC8-A973-38FD1ACB4CBC}
		{B76EEB7F-365B-433B-AAE5-5EEAA53F5BF9} = {7402FB7F-5651-4FC8-A973-38FD1ACB4CBC}
		{F72C3C9D-FC2D-4B9D-A8CC-16E239A8492D} = {7402FB7F-5651-4FC8-A973-38FD1ACB4CBC}
	EndGlobalSection
	GlobalSection(ExtensibilityGlobals) = postSolution
		SolutionGuid = {7CA3C3BF-5F44-4448-A075-515D30ABD3CB}
	EndGlobalSection
EndGlobal
